
Microsoft Visual Studio Solution File, Format Version 12.00
# Visual Studio Version 17
VisualStudioVersion = 17.0.31612.314
MinimumVisualStudioVersion = 10.0.40219.1
Project("{FAE04EC0-301F-11D3-BF4B-00C04F79EFBC}") = "MauiBugRepro", "MauiBugRepro\MauiBugRepro.csproj", "{BF304538-26B6-4433-80C5-F3EF206722F4}"
EndProject
Project("{FAE04EC0-301F-11D3-BF4B-00C04F79EFBC}") = "MauiBugRepro.WinUI", "MauiBugRepro.WinUI\MauiBugRepro.WinUI.csproj", "{F56FFDED-2BD7-471D-871C-DB502EC14AA3}"
EndProject
Global
	GlobalSection(SolutionConfigurationPlatforms) = preSolution
		Debug|Any CPU = Debug|Any CPU
		Release|Any CPU = Release|Any CPU
	EndGlobalSection
	GlobalSection(ProjectConfigurationPlatforms) = postSolution
		{BF304538-26B6-4433-80C5-F3EF206722F4}.Debug|Any CPU.ActiveCfg = Debug|Any CPU
		{BF304538-26B6-4433-80C5-F3EF206722F4}.Debug|Any CPU.Build.0 = Debug|Any CPU
		{BF304538-26B6-4433-80C5-F3EF206722F4}.Debug|Any CPU.Deploy.0 = Debug|Any CPU
		{BF304538-26B6-4433-80C5-F3EF206722F4}.Release|Any CPU.ActiveCfg = Release|Any CPU
		{BF304538-26B6-4433-80C5-F3EF206722F4}.Release|Any CPU.Build.0 = Release|Any CPU
		{F56FFDED-2BD7-471D-871C-DB502EC14AA3}.Debug|Any CPU.ActiveCfg = Debug|Any CPU
		{F56FFDED-2BD7-471D-871C-DB502EC14AA3}.Debug|Any CPU.Build.0 = Debug|Any CPU
		{F56FFDED-2BD7-471D-871C-DB502EC14AA3}.Release|Any CPU.ActiveCfg = Release|Any CPU
		{F56FFDED-2BD7-471D-871C-DB502EC14AA3}.Release|Any CPU.Build.0 = Release|Any CPU
	EndGlobalSection
	GlobalSection(SolutionProperties) = preSolution
		HideSolutionNode = FALSE
	EndGlobalSection
	GlobalSection(ExtensibilityGlobals) = postSolution
		SolutionGuid = {1D2FF5DB-E3AE-45A5-92C9-41B30A8BCB63}
	EndGlobalSection
EndGlobal
